
Microsoft Visual Studio Solution File, Format Version 12.00
Project("{FAE04EC0-301F-11D3-BF4B-00C04F79EFBC}") = "IdentityServer", "IdentityServer\IdentityServer.csproj", "{1182FF6C-7EDA-4D19-9F92-D140FF367944}"
EndProject
Project("{FAE04EC0-301F-11D3-BF4B-00C04F79EFBC}") = "WebApi", "WebApi\WebApi.csproj", "{1C604CFA-42CF-461D-8C8B-831E57A47F40}"
EndProject
Global
	GlobalSection(SolutionConfigurationPlatforms) = preSolution
		Debug|Any CPU = Debug|Any CPU
		Release|Any CPU = Release|Any CPU
	EndGlobalSection
	GlobalSection(ProjectConfigurationPlatforms) = postSolution
		{1182FF6C-7EDA-4D19-9F92-D140FF367944}.Debug|Any CPU.ActiveCfg = Debug|Any CPU
		{1182FF6C-7EDA-4D19-9F92-D140FF367944}.Debug|Any CPU.Build.0 = Debug|Any CPU
		{1182FF6C-7EDA-4D19-9F92-D140FF367944}.Release|Any CPU.ActiveCfg = Release|Any CPU
		{1182FF6C-7EDA-4D19-9F92-D140FF367944}.Release|Any CPU.Build.0 = Release|Any CPU
		{1C604CFA-42CF-461D-8C8B-831E57A47F40}.Debug|Any CPU.ActiveCfg = Debug|Any CPU
		{1C604CFA-42CF-461D-8C8B-831E57A47F40}.Debug|Any CPU.Build.0 = Debug|Any CPU
		{1C604CFA-42CF-461D-8C8B-831E57A47F40}.Release|Any CPU.ActiveCfg = Release|Any CPU
		{1C604CFA-42CF-461D-8C8B-831E57A47F40}.Release|Any CPU.Build.0 = Release|Any CPU
	EndGlobalSection
EndGlobal
